
Microsoft Visual Studio Solution File, Format Version 12.00
# Visual Studio Version 17
VisualStudioVersion = 17.14.36414.22 d17.14
MinimumVisualStudioVersion = 10.0.40219.1
Project("{FAE04EC0-301F-11D3-BF4B-00C04F79EFBC}") = "AdvDatabase", "AdvDatabase\AdvDatabase.csproj", "{DF396AE6-9807-4318-B165-87F95EB8E79D}"
EndProject
Global
	GlobalSection(SolutionConfigurationPlatforms) = preSolution
		Debug|Any CPU = Debug|Any CPU
		Release|Any CPU = Release|Any CPU
	EndGlobalSection
	GlobalSection(ProjectConfigurationPlatforms) = postSolution
		{DF396AE6-9807-4318-B165-87F95EB8E79D}.Debug|Any CPU.ActiveCfg = Debug|Any CPU
		{DF396AE6-9807-4318-B165-87F95EB8E79D}.Debug|Any CPU.Build.0 = Debug|Any CPU
		{DF396AE6-9807-4318-B165-87F95EB8E79D}.Release|Any CPU.ActiveCfg = Release|Any CPU
		{DF396AE6-9807-4318-B165-87F95EB8E79D}.Release|Any CPU.Build.0 = Release|Any CPU
	EndGlobalSection
	GlobalSection(SolutionProperties) = preSolution
		HideSolutionNode = FALSE
	EndGlobalSection
	GlobalSection(ExtensibilityGlobals) = postSolution
		SolutionGuid = {E8AAB445-A332-4886-B31D-9D0CFA118A89}
	EndGlobalSection
EndGlobal
